
Microsoft Visual Studio Solution File, Format Version 12.00
# Visual Studio Version 17
VisualStudioVersion = 17.0.32014.148
MinimumVisualStudioVersion = 10.0.40219.1
Project("{FAE04EC0-301F-11D3-BF4B-00C04F79EFBC}") = "TryCatch", "TryCatch.csproj", "{AFA388C8-D791-4B3A-BDB3-E90757BED23E}"
EndProject
Global
	GlobalSection(SolutionConfigurationPlatforms) = preSolution
		Debug|Any CPU = Debug|Any CPU
		Release|Any CPU = Release|Any CPU
	EndGlobalSection
	GlobalSection(ProjectConfigurationPlatforms) = postSolution
		{AFA388C8-D791-4B3A-BDB3-E90757BED23E}.Debug|Any CPU.ActiveCfg = Debug|Any CPU
		{AFA388C8-D791-4B3A-BDB3-E90757BED23E}.Debug|Any CPU.Build.0 = Debug|Any CPU
		{AFA388C8-D791-4B3A-BDB3-E90757BED23E}.Release|Any CPU.ActiveCfg = Release|Any CPU
		{AFA388C8-D791-4B3A-BDB3-E90757BED23E}.Release|Any CPU.Build.0 = Release|Any CPU
	EndGlobalSection
	GlobalSection(SolutionProperties) = preSolution
		HideSolutionNode = FALSE
	EndGlobalSection
	GlobalSection(ExtensibilityGlobals) = postSolution
		SolutionGuid = {59FE2099-DFF4-4F5B-8A20-BD0CB9425E3E}
	EndGlobalSection
EndGlobal
